hash: 0f119ebe3a7a59d1e671121e5489021aa122933c28dab70891ddf85b1d518dcb
updated: 2016-10-28T13:31:23.110817+08:00
imports:
- name: github.com/ibigbug/conn-pool
  version: 6a760a9fe9fea0d7338935565b85f3302efe30d5
  subpackages:
  - connpool
- name: github.com/Sirupsen/logrus
  version: 4b6ea7319e214d98c938f12692336f7ca9348d6b
- name: golang.org/x/sys
  version: c200b10b5d5e122be351b67af224adc6128af5bf
  subpackages:
  - unix
- name: gopkg.in/yaml.v2
  version: a5b47d31c556af34a302ce5d659e6fea44d90de0
testImports: []
