hash: 3197897207adbea17c5d29773eeb559ce64cda076a54e167c7fc5f096c6830ef
updated: 2017-03-23T21:35:18.551338542+08:00
imports:
- name: github.com/certifi/gocertifi
  version: 03be5e6bb9874570ea7fb0961225d193cbc374c5
- name: github.com/getsentry/raven-go
  version: b68337dbf03e7fbb53d9fd9b63fd09b28e8f13f7
- name: github.com/ibigbug/conn-pool
  version: 12a7963f39658083abdaa704d8a485a65953b149
  subpackages:
  - connpool
- name: github.com/Sirupsen/logrus
  version: 4b6ea7319e214d98c938f12692336f7ca9348d6b
- name: golang.org/x/sys
  version: 8fd966b47dbdd4faa03de0d06e3d733baeb9a1a9
  subpackages:
  - unix
- name: gopkg.in/yaml.v2
  version: a3f3340b5840cee44f372bddb5880fcbc419b46a
testImports: []
